
Microsoft Visual Studio Solution File, Format Version 12.00
# Visual Studio Version 16
VisualStudioVersion = 16.0.30413.136
MinimumVisualStudioVersion = 10.0.40219.1
Project("{2150E333-8FDC-42A3-9474-1A3956D46DE8}") = "Business", "Business", "{DCFC93A3-FC16-4C57-8CEC-5D4DFB3BB12A}"
EndProject
Project("{2150E333-8FDC-42A3-9474-1A3956D46DE8}") = "Data", "Data", "{50384758-4EBB-4B1A-BD0E-43A8FD8AB92B}"
EndProject
Project("{2150E333-8FDC-42A3-9474-1A3956D46DE8}") = "Hosts", "Hosts", "{2A364908-FCD5-4173-9CE8-8DA82918B471}"
EndProject
Project("{2150E333-8FDC-42A3-9474-1A3956D46DE8}") = "Shared", "Shared", "{7C7796D1-ADE8-40FF-B0AD-17A3209B8765}"
EndProject
Project("{2150E333-8FDC-42A3-9474-1A3956D46DE8}") = "Test", "Test", "{C188B06C-9A8F-4A38-B069-BC5F0E2BBBF4}"
EndProject
Project("{FAE04EC0-301F-11D3-BF4B-00C04F79EFBC}") = "Order.API.Business", "Order.API.Business\Order.API.Business.csproj", "{2572E25A-B656-48BE-97D3-2C58C561F856}"
EndProject
Project("{FAE04EC0-301F-11D3-BF4B-00C04F79EFBC}") = "Order.API.Data", "Order.API.Data\Order.API.Data.csproj", "{C6EAB00A-5903-4C04-8F66-180094A4ECE5}"
EndProject
Project("{FAE04EC0-301F-11D3-BF4B-00C04F79EFBC}") = "Order.API.Data.Agent", "Order.API.Data.Agent\Order.API.Data.Agent.csproj", "{54E03DE7-F7CF-4BCE-84A0-784266E8AEA7}"
EndProject
Project("{FAE04EC0-301F-11D3-BF4B-00C04F79EFBC}") = "Order.API.Shared", "Order.API.Shared\Order.API.Shared.csproj", "{DF4754AE-E73E-4103-9FE9-8AC31842C1B7}"
EndProject
Project("{FAE04EC0-301F-11D3-BF4B-00C04F79EFBC}") = "Order.API.IntegrationTest", "bin\Order.API.IntegrationTest\Order.API.IntegrationTest.csproj", "{0DA6113A-9C18-4FC8-BA55-81CC664A63BE}"
EndProject
Project("{FAE04EC0-301F-11D3-BF4B-00C04F79EFBC}") = "Order.API.UnitTest", "Order.API.UnitTest\Order.API.UnitTest.csproj", "{3AB23B76-14AA-4129-86C1-00976B12E4DF}"
EndProject
Project("{FAE04EC0-301F-11D3-BF4B-00C04F79EFBC}") = "Order.API.Host", "Order.API.Host\Order.API.Host.csproj", "{EE299961-4C3E-4092-90C0-609455637060}"
EndProject
Global
	GlobalSection(SolutionConfigurationPlatforms) = preSolution
		Debug|Any CPU = Debug|Any CPU
		Release|Any CPU = Release|Any CPU
	EndGlobalSection
	GlobalSection(ProjectConfigurationPlatforms) = postSolution
		{2572E25A-B656-48BE-97D3-2C58C561F856}.Debug|Any CPU.ActiveCfg = Debug|Any CPU
		{2572E25A-B656-48BE-97D3-2C58C561F856}.Debug|Any CPU.Build.0 = Debug|Any CPU
		{2572E25A-B656-48BE-97D3-2C58C561F856}.Release|Any CPU.ActiveCfg = Release|Any CPU
		{2572E25A-B656-48BE-97D3-2C58C561F856}.Release|Any CPU.Build.0 = Release|Any CPU
		{C6EAB00A-5903-4C04-8F66-180094A4ECE5}.Debug|Any CPU.ActiveCfg = Debug|Any CPU
		{C6EAB00A-5903-4C04-8F66-180094A4ECE5}.Debug|Any CPU.Build.0 = Debug|Any CPU
		{C6EAB00A-5903-4C04-8F66-180094A4ECE5}.Release|Any CPU.ActiveCfg = Release|Any CPU
		{C6EAB00A-5903-4C04-8F66-180094A4ECE5}.Release|Any CPU.Build.0 = Release|Any CPU
		{54E03DE7-F7CF-4BCE-84A0-784266E8AEA7}.Debug|Any CPU.ActiveCfg = Debug|Any CPU
		{54E03DE7-F7CF-4BCE-84A0-784266E8AEA7}.Debug|Any CPU.Build.0 = Debug|Any CPU
		{54E03DE7-F7CF-4BCE-84A0-784266E8AEA7}.Release|Any CPU.ActiveCfg = Release|Any CPU
		{54E03DE7-F7CF-4BCE-84A0-784266E8AEA7}.Release|Any CPU.Build.0 = Release|Any CPU
		{DF4754AE-E73E-4103-9FE9-8AC31842C1B7}.Debug|Any CPU.ActiveCfg = Debug|Any CPU
		{DF4754AE-E73E-4103-9FE9-8AC31842C1B7}.Debug|Any CPU.Build.0 = Debug|Any CPU
		{DF4754AE-E73E-4103-9FE9-8AC31842C1B7}.Release|Any CPU.ActiveCfg = Release|Any CPU
		{DF4754AE-E73E-4103-9FE9-8AC31842C1B7}.Release|Any CPU.Build.0 = Release|Any CPU
		{0DA6113A-9C18-4FC8-BA55-81CC664A63BE}.Debug|Any CPU.ActiveCfg = Debug|Any CPU
		{0DA6113A-9C18-4FC8-BA55-81CC664A63BE}.Debug|Any CPU.Build.0 = Debug|Any CPU
		{0DA6113A-9C18-4FC8-BA55-81CC664A63BE}.Release|Any CPU.ActiveCfg = Release|Any CPU
		{0DA6113A-9C18-4FC8-BA55-81CC664A63BE}.Release|Any CPU.Build.0 = Release|Any CPU
		{3AB23B76-14AA-4129-86C1-00976B12E4DF}.Debug|Any CPU.ActiveCfg = Debug|Any CPU
		{3AB23B76-14AA-4129-86C1-00976B12E4DF}.Debug|Any CPU.Build.0 = Debug|Any CPU
		{3AB23B76-14AA-4129-86C1-00976B12E4DF}.Release|Any CPU.ActiveCfg = Release|Any CPU
		{3AB23B76-14AA-4129-86C1-00976B12E4DF}.Release|Any CPU.Build.0 = Release|Any CPU
		{EE299961-4C3E-4092-90C0-609455637060}.Debug|Any CPU.ActiveCfg = Debug|Any CPU
		{EE299961-4C3E-4092-90C0-609455637060}.Debug|Any CPU.Build.0 = Debug|Any CPU
		{EE299961-4C3E-4092-90C0-609455637060}.Release|Any CPU.ActiveCfg = Release|Any CPU
		{EE299961-4C3E-4092-90C0-609455637060}.Release|Any CPU.Build.0 = Release|Any CPU
	EndGlobalSection
	GlobalSection(SolutionProperties) = preSolution
		HideSolutionNode = FALSE
	EndGlobalSection
	GlobalSection(NestedProjects) = preSolution
		{2572E25A-B656-48BE-97D3-2C58C561F856} = {DCFC93A3-FC16-4C57-8CEC-5D4DFB3BB12A}
		{C6EAB00A-5903-4C04-8F66-180094A4ECE5} = {50384758-4EBB-4B1A-BD0E-43A8FD8AB92B}
		{54E03DE7-F7CF-4BCE-84A0-784266E8AEA7} = {50384758-4EBB-4B1A-BD0E-43A8FD8AB92B}
		{DF4754AE-E73E-4103-9FE9-8AC31842C1B7} = {7C7796D1-ADE8-40FF-B0AD-17A3209B8765}
		{0DA6113A-9C18-4FC8-BA55-81CC664A63BE} = {C188B06C-9A8F-4A38-B069-BC5F0E2BBBF4}
		{3AB23B76-14AA-4129-86C1-00976B12E4DF} = {C188B06C-9A8F-4A38-B069-BC5F0E2BBBF4}
		{EE299961-4C3E-4092-90C0-609455637060} = {2A364908-FCD5-4173-9CE8-8DA82918B471}
	EndGlobalSection
	GlobalSection(ExtensibilityGlobals) = postSolution
		SolutionGuid = {7F852273-5F47-4D6B-BC5C-62DFA7A336EF}
	EndGlobalSection
EndGlobal
