
Microsoft Visual Studio Solution File, Format Version 12.00
# Visual Studio Version 16
VisualStudioVersion = 16.0.30413.136
MinimumVisualStudioVersion = 10.0.40219.1
Project("{2150E333-8FDC-42A3-9474-1A3956D46DE8}") = "Business", "Business", "{DCFC93A3-FC16-4C57-8CEC-5D4DFB3BB12A}"
EndProject
Project("{2150E333-8FDC-42A3-9474-1A3956D46DE8}") = "Data", "Data", "{50384758-4EBB-4B1A-BD0E-43A8FD8AB92B}"
EndProject
Project("{2150E333-8FDC-42A3-9474-1A3956D46DE8}") = "Hosts", "Hosts", "{2A364908-FCD5-4173-9CE8-8DA82918B471}"
EndProject
Project("{2150E333-8FDC-42A3-9474-1A3956D46DE8}") = "Shared", "Shared", "{7C7796D1-ADE8-40FF-B0AD-17A3209B8765}"
EndProject
Project("{2150E333-8FDC-42A3-9474-1A3956D46DE8}") = "Test", "Test", "{C188B06C-9A8F-4A38-B069-BC5F0E2BBBF4}"
EndProject
Project("{FAE04EC0-301F-11D3-BF4B-00C04F79EFBC}") = "Order.API.IntegrationTest", "bin\Order.API.IntegrationTest\Order.API.IntegrationTest.csproj", "{0DA6113A-9C18-4FC8-BA55-81CC664A63BE}"
EndProject
Project("{FAE04EC0-301F-11D3-BF4B-00C04F79EFBC}") = "Order.API.UnitTest", "Order.API.UnitTest\Order.API.UnitTest.csproj", "{3AB23B76-14AA-4129-86C1-00976B12E4DF}"
EndProject
Project("{FAE04EC0-301F-11D3-BF4B-00C04F79EFBC}") = "Order.API.Host", "Order.API.Host\Order.API.Host.csproj", "{EE299961-4C3E-4092-90C0-609455637060}"
EndProject
Project("{FAE04EC0-301F-11D3-BF4B-00C04F79EFBC}") = "Order.API.Business.Contracts", "Order.API.Business.Contracts\Order.API.Business.Contracts.csproj", "{104373E8-5000-4B3D-AB76-B08D5CF4D271}"
EndProject
Project("{FAE04EC0-301F-11D3-BF4B-00C04F79EFBC}") = "Order.API.Business", "Order.API.Business\Order.API.Business.csproj", "{ABB5E5F8-2677-4A55-A1F8-830619891C03}"
EndProject
Project("{FAE04EC0-301F-11D3-BF4B-00C04F79EFBC}") = "Order.API.Shared.Entities", "Order.API.Shared.Entities\Order.API.Shared.Entities.csproj", "{09594DB4-D588-4136-B267-B50CD4B7D90F}"
EndProject
Project("{FAE04EC0-301F-11D3-BF4B-00C04F79EFBC}") = "Order.API.Data", "Order.API.Data\Order.API.Data.csproj", "{8ECDB571-61A6-43A3-B65F-0F590A26C1FC}"
EndProject
Project("{FAE04EC0-301F-11D3-BF4B-00C04F79EFBC}") = "Order.API.Shared.Framework", "Order.API.Shared.Framework\Order.API.Shared.Framework.csproj", "{529F5BBD-1A5A-4C32-86D8-6CE3B4D2A412}"
EndProject
Project("{FAE04EC0-301F-11D3-BF4B-00C04F79EFBC}") = "Order.API.Data.Agent", "Order.API.Data.Agent\Order.API.Data.Agent.csproj", "{C24039F1-2E85-49BA-94F6-5A1C5B76FA30}"
EndProject
Project("{2150E333-8FDC-42A3-9474-1A3956D46DE8}") = "DataBase", "DataBase", "{7B800135-1D64-4E66-A256-CE3D9C25DC4C}"
EndProject
Project("{00D1A9C2-B5F0-4AF3-8072-F6C62B433612}") = "Order.API.DataBase", "Order.API.DataBase\Order.API.DataBase.sqlproj", "{328B7F72-0AF5-4CE5-89D4-90C37EC18A46}"
EndProject
Global
	GlobalSection(SolutionConfigurationPlatforms) = preSolution
		Debug|Any CPU = Debug|Any CPU
		Release|Any CPU = Release|Any CPU
	EndGlobalSection
	GlobalSection(ProjectConfigurationPlatforms) = postSolution
		{0DA6113A-9C18-4FC8-BA55-81CC664A63BE}.Debug|Any CPU.ActiveCfg = Debug|Any CPU
		{0DA6113A-9C18-4FC8-BA55-81CC664A63BE}.Debug|Any CPU.Build.0 = Debug|Any CPU
		{0DA6113A-9C18-4FC8-BA55-81CC664A63BE}.Release|Any CPU.ActiveCfg = Release|Any CPU
		{0DA6113A-9C18-4FC8-BA55-81CC664A63BE}.Release|Any CPU.Build.0 = Release|Any CPU
		{3AB23B76-14AA-4129-86C1-00976B12E4DF}.Debug|Any CPU.ActiveCfg = Debug|Any CPU
		{3AB23B76-14AA-4129-86C1-00976B12E4DF}.Debug|Any CPU.Build.0 = Debug|Any CPU
		{3AB23B76-14AA-4129-86C1-00976B12E4DF}.Release|Any CPU.ActiveCfg = Release|Any CPU
		{3AB23B76-14AA-4129-86C1-00976B12E4DF}.Release|Any CPU.Build.0 = Release|Any CPU
		{EE299961-4C3E-4092-90C0-609455637060}.Debug|Any CPU.ActiveCfg = Debug|Any CPU
		{EE299961-4C3E-4092-90C0-609455637060}.Debug|Any CPU.Build.0 = Debug|Any CPU
		{EE299961-4C3E-4092-90C0-609455637060}.Release|Any CPU.ActiveCfg = Release|Any CPU
		{EE299961-4C3E-4092-90C0-609455637060}.Release|Any CPU.Build.0 = Release|Any CPU
		{104373E8-5000-4B3D-AB76-B08D5CF4D271}.Debug|Any CPU.ActiveCfg = Debug|Any CPU
		{104373E8-5000-4B3D-AB76-B08D5CF4D271}.Debug|Any CPU.Build.0 = Debug|Any CPU
		{104373E8-5000-4B3D-AB76-B08D5CF4D271}.Release|Any CPU.ActiveCfg = Release|Any CPU
		{104373E8-5000-4B3D-AB76-B08D5CF4D271}.Release|Any CPU.Build.0 = Release|Any CPU
		{ABB5E5F8-2677-4A55-A1F8-830619891C03}.Debug|Any CPU.ActiveCfg = Debug|Any CPU
		{ABB5E5F8-2677-4A55-A1F8-830619891C03}.Debug|Any CPU.Build.0 = Debug|Any CPU
		{ABB5E5F8-2677-4A55-A1F8-830619891C03}.Release|Any CPU.ActiveCfg = Release|Any CPU
		{ABB5E5F8-2677-4A55-A1F8-830619891C03}.Release|Any CPU.Build.0 = Release|Any CPU
		{09594DB4-D588-4136-B267-B50CD4B7D90F}.Debug|Any CPU.ActiveCfg = Debug|Any CPU
		{09594DB4-D588-4136-B267-B50CD4B7D90F}.Debug|Any CPU.Build.0 = Debug|Any CPU
		{09594DB4-D588-4136-B267-B50CD4B7D90F}.Release|Any CPU.ActiveCfg = Release|Any CPU
		{09594DB4-D588-4136-B267-B50CD4B7D90F}.Release|Any CPU.Build.0 = Release|Any CPU
		{8ECDB571-61A6-43A3-B65F-0F590A26C1FC}.Debug|Any CPU.ActiveCfg = Debug|Any CPU
		{8ECDB571-61A6-43A3-B65F-0F590A26C1FC}.Debug|Any CPU.Build.0 = Debug|Any CPU
		{8ECDB571-61A6-43A3-B65F-0F590A26C1FC}.Release|Any CPU.ActiveCfg = Release|Any CPU
		{8ECDB571-61A6-43A3-B65F-0F590A26C1FC}.Release|Any CPU.Build.0 = Release|Any CPU
		{529F5BBD-1A5A-4C32-86D8-6CE3B4D2A412}.Debug|Any CPU.ActiveCfg = Debug|Any CPU
		{529F5BBD-1A5A-4C32-86D8-6CE3B4D2A412}.Debug|Any CPU.Build.0 = Debug|Any CPU
		{529F5BBD-1A5A-4C32-86D8-6CE3B4D2A412}.Release|Any CPU.ActiveCfg = Release|Any CPU
		{529F5BBD-1A5A-4C32-86D8-6CE3B4D2A412}.Release|Any CPU.Build.0 = Release|Any CPU
		{C24039F1-2E85-49BA-94F6-5A1C5B76FA30}.Debug|Any CPU.ActiveCfg = Debug|Any CPU
		{C24039F1-2E85-49BA-94F6-5A1C5B76FA30}.Debug|Any CPU.Build.0 = Debug|Any CPU
		{C24039F1-2E85-49BA-94F6-5A1C5B76FA30}.Release|Any CPU.ActiveCfg = Release|Any CPU
		{C24039F1-2E85-49BA-94F6-5A1C5B76FA30}.Release|Any CPU.Build.0 = Release|Any CPU
		{328B7F72-0AF5-4CE5-89D4-90C37EC18A46}.Debug|Any CPU.ActiveCfg = Debug|Any CPU
		{328B7F72-0AF5-4CE5-89D4-90C37EC18A46}.Debug|Any CPU.Build.0 = Debug|Any CPU
		{328B7F72-0AF5-4CE5-89D4-90C37EC18A46}.Debug|Any CPU.Deploy.0 = Debug|Any CPU
		{328B7F72-0AF5-4CE5-89D4-90C37EC18A46}.Release|Any CPU.ActiveCfg = Release|Any CPU
		{328B7F72-0AF5-4CE5-89D4-90C37EC18A46}.Release|Any CPU.Build.0 = Release|Any CPU
		{328B7F72-0AF5-4CE5-89D4-90C37EC18A46}.Release|Any CPU.Deploy.0 = Release|Any CPU
	EndGlobalSection
	GlobalSection(SolutionProperties) = preSolution
		HideSolutionNode = FALSE
	EndGlobalSection
	GlobalSection(NestedProjects) = preSolution
		{0DA6113A-9C18-4FC8-BA55-81CC664A63BE} = {C188B06C-9A8F-4A38-B069-BC5F0E2BBBF4}
		{3AB23B76-14AA-4129-86C1-00976B12E4DF} = {C188B06C-9A8F-4A38-B069-BC5F0E2BBBF4}
		{EE299961-4C3E-4092-90C0-609455637060} = {2A364908-FCD5-4173-9CE8-8DA82918B471}
		{104373E8-5000-4B3D-AB76-B08D5CF4D271} = {DCFC93A3-FC16-4C57-8CEC-5D4DFB3BB12A}
		{ABB5E5F8-2677-4A55-A1F8-830619891C03} = {DCFC93A3-FC16-4C57-8CEC-5D4DFB3BB12A}
		{09594DB4-D588-4136-B267-B50CD4B7D90F} = {7C7796D1-ADE8-40FF-B0AD-17A3209B8765}
		{8ECDB571-61A6-43A3-B65F-0F590A26C1FC} = {50384758-4EBB-4B1A-BD0E-43A8FD8AB92B}
		{529F5BBD-1A5A-4C32-86D8-6CE3B4D2A412} = {7C7796D1-ADE8-40FF-B0AD-17A3209B8765}
		{C24039F1-2E85-49BA-94F6-5A1C5B76FA30} = {50384758-4EBB-4B1A-BD0E-43A8FD8AB92B}
		{328B7F72-0AF5-4CE5-89D4-90C37EC18A46} = {7B800135-1D64-4E66-A256-CE3D9C25DC4C}
	EndGlobalSection
	GlobalSection(ExtensibilityGlobals) = postSolution
		SolutionGuid = {7F852273-5F47-4D6B-BC5C-62DFA7A336EF}
	EndGlobalSection
EndGlobal
